
Microsoft Visual Studio Solution File, Format Version 12.00
# Visual Studio 15
VisualStudioVersion = 15.0.28307.757
MinimumVisualStudioVersion = 10.0.40219.1
Project("{FAE04EC0-301F-11D3-BF4B-00C04F79EFBC}") = "2nd Test", "2nd Test\2nd Test.csproj", "{9EDDEE55-7262-47AB-AB79-764A32530770}"
EndProject
Global
	GlobalSection(SolutionConfigurationPlatforms) = preSolution
		Debug|Any CPU = Debug|Any CPU
		Release|Any CPU = Release|Any CPU
	EndGlobalSection
	GlobalSection(ProjectConfigurationPlatforms) = postSolution
		{9EDDEE55-7262-47AB-AB79-764A32530770}.Debug|Any CPU.ActiveCfg = Debug|Any CPU
		{9EDDEE55-7262-47AB-AB79-764A32530770}.Debug|Any CPU.Build.0 = Debug|Any CPU
		{9EDDEE55-7262-47AB-AB79-764A32530770}.Release|Any CPU.ActiveCfg = Release|Any CPU
		{9EDDEE55-7262-47AB-AB79-764A32530770}.Release|Any CPU.Build.0 = Release|Any CPU
	EndGlobalSection
	GlobalSection(SolutionProperties) = preSolution
		HideSolutionNode = FALSE
	EndGlobalSection
	GlobalSection(ExtensibilityGlobals) = postSolution
		SolutionGuid = {3395DC37-F8DD-42B2-AD6E-A93F877F862F}
	EndGlobalSection
EndGlobal
